
Microsoft Visual Studio Solution File, Format Version 12.00
# Visual Studio Version 17
VisualStudioVersion = 17.0.31903.59
MinimumVisualStudioVersion = 10.0.40219.1
Project("{2150E333-8FDC-42A3-9474-1A3956D46DE8}") = "clientes", "clientes", "{12720F72-1BBA-9C42-9FC7-02217A30AEDE}"
EndProject
Project("{2150E333-8FDC-42A3-9474-1A3956D46DE8}") = "src", "src", "{D1851684-E2E6-1604-71BC-B8E9CAE49371}"
EndProject
Project("{FAE04EC0-301F-11D3-BF4B-00C04F79EFBC}") = "Devsu.Clientes.Api", "clientes\src\Devsu.Clientes.Api\Devsu.Clientes.Api.csproj", "{B7E44B73-DF45-46E7-97C6-D7D9DF6E58AB}"
EndProject
Project("{FAE04EC0-301F-11D3-BF4B-00C04F79EFBC}") = "Devsu.Clientes.Application", "clientes\src\Devsu.Clientes.Application\Devsu.Clientes.Application.csproj", "{78FB745A-198D-46C1-8CE9-9BD118AF505D}"
EndProject
Project("{FAE04EC0-301F-11D3-BF4B-00C04F79EFBC}") = "Devsu.Clientes.Domain", "clientes\src\Devsu.Clientes.Domain\Devsu.Clientes.Domain.csproj", "{C40CF949-C6C2-48A5-BB4E-77FDAACCDB1E}"
EndProject
Project("{FAE04EC0-301F-11D3-BF4B-00C04F79EFBC}") = "Devsu.Clientes.Infrastructure", "clientes\src\Devsu.Clientes.Infrastructure\Devsu.Clientes.Infrastructure.csproj", "{1FA6D476-2259-4D29-B056-3CD878A61F6D}"
EndProject
Project("{2150E333-8FDC-42A3-9474-1A3956D46DE8}") = "tests", "tests", "{3731A2D6-5F7D-A7A7-1953-6168E0024002}"
EndProject
Project("{FAE04EC0-301F-11D3-BF4B-00C04F79EFBC}") = "Devsu.Clientes.IntegrationTests", "clientes\tests\Devsu.Clientes.IntegrationTests\Devsu.Clientes.IntegrationTests.csproj", "{FEF3A61A-2675-4028-AED7-BCD3933F21D1}"
EndProject
Project("{FAE04EC0-301F-11D3-BF4B-00C04F79EFBC}") = "Devsu.Clientes.UnitTests", "clientes\tests\Devsu.Clientes.UnitTests\Devsu.Clientes.UnitTests.csproj", "{929EBA8D-6EAA-4E60-ADF0-5F9100A5023B}"
EndProject
Project("{2150E333-8FDC-42A3-9474-1A3956D46DE8}") = "cuentas", "cuentas", "{2F3B52E7-3F0C-CF2E-4530-2751B2D19751}"
EndProject
Project("{2150E333-8FDC-42A3-9474-1A3956D46DE8}") = "src", "src", "{43597056-9DF0-F063-77CF-A44A53D8A816}"
EndProject
Project("{FAE04EC0-301F-11D3-BF4B-00C04F79EFBC}") = "Devsu.Cuentas.Api", "cuentas\src\Devsu.Cuentas.Api\Devsu.Cuentas.Api.csproj", "{ED5FC2DE-FC80-434F-BB7E-E329164CE918}"
EndProject
Project("{FAE04EC0-301F-11D3-BF4B-00C04F79EFBC}") = "Devsu.Cuentas.Application", "cuentas\src\Devsu.Cuentas.Application\Devsu.Cuentas.Application.csproj", "{74597936-6D48-461B-B733-5CD2C3EABCA4}"
EndProject
Project("{FAE04EC0-301F-11D3-BF4B-00C04F79EFBC}") = "Devsu.Cuentas.Domain", "cuentas\src\Devsu.Cuentas.Domain\Devsu.Cuentas.Domain.csproj", "{F823E30B-5A3C-46F6-B685-8B5E29973A03}"
EndProject
Project("{FAE04EC0-301F-11D3-BF4B-00C04F79EFBC}") = "Devsu.Cuentas.Infrastructure", "cuentas\src\Devsu.Cuentas.Infrastructure\Devsu.Cuentas.Infrastructure.csproj", "{4BD79C10-7B4B-45EA-9A41-A9939FEA001E}"
EndProject
Project("{2150E333-8FDC-42A3-9474-1A3956D46DE8}") = "tests", "tests", "{78F9BDB0-A6E5-9D16-6FC1-77372D4E7F0E}"
EndProject
Project("{FAE04EC0-301F-11D3-BF4B-00C04F79EFBC}") = "Devsu.Cuentas.IntegrationTests", "cuentas\tests\Devsu.Cuentas.IntegrationTests\Devsu.Cuentas.IntegrationTests.csproj", "{62216CA1-EAC8-4811-BB90-A5298DE36FD1}"
EndProject
Project("{FAE04EC0-301F-11D3-BF4B-00C04F79EFBC}") = "Devsu.Cuentas.UnitTests", "cuentas\tests\Devsu.Cuentas.UnitTests\Devsu.Cuentas.UnitTests.csproj", "{8D8C859D-FADD-40FC-B17C-D0D52ADB0E66}"
EndProject
Project("{2150E333-8FDC-42A3-9474-1A3956D46DE8}") = "shared", "shared", "{4F52FD11-658E-A102-6CD3-7D7C16FFA15B}"
EndProject
Project("{FAE04EC0-301F-11D3-BF4B-00C04F79EFBC}") = "Devsu.Contracts", "shared\Devsu.Contracts\Devsu.Contracts.csproj", "{3DC1DC6C-3BAA-4435-AA0C-BB6D60682772}"
EndProject
Global
	GlobalSection(SolutionConfigurationPlatforms) = preSolution
		Debug|Any CPU = Debug|Any CPU
		Debug|x64 = Debug|x64
		Debug|x86 = Debug|x86
		Release|Any CPU = Release|Any CPU
		Release|x64 = Release|x64
		Release|x86 = Release|x86
	EndGlobalSection
	GlobalSection(ProjectConfigurationPlatforms) = postSolution
		{B7E44B73-DF45-46E7-97C6-D7D9DF6E58AB}.Debug|Any CPU.ActiveCfg = Debug|Any CPU
		{B7E44B73-DF45-46E7-97C6-D7D9DF6E58AB}.Debug|Any CPU.Build.0 = Debug|Any CPU
		{B7E44B73-DF45-46E7-97C6-D7D9DF6E58AB}.Debug|x64.ActiveCfg = Debug|Any CPU
		{B7E44B73-DF45-46E7-97C6-D7D9DF6E58AB}.Debug|x64.Build.0 = Debug|Any CPU
		{B7E44B73-DF45-46E7-97C6-D7D9DF6E58AB}.Debug|x86.ActiveCfg = Debug|Any CPU
		{B7E44B73-DF45-46E7-97C6-D7D9DF6E58AB}.Debug|x86.Build.0 = Debug|Any CPU
		{B7E44B73-DF45-46E7-97C6-D7D9DF6E58AB}.Release|Any CPU.ActiveCfg = Release|Any CPU
		{B7E44B73-DF45-46E7-97C6-D7D9DF6E58AB}.Release|Any CPU.Build.0 = Release|Any CPU
		{B7E44B73-DF45-46E7-97C6-D7D9DF6E58AB}.Release|x64.ActiveCfg = Release|Any CPU
		{B7E44B73-DF45-46E7-97C6-D7D9DF6E58AB}.Release|x64.Build.0 = Release|Any CPU
		{B7E44B73-DF45-46E7-97C6-D7D9DF6E58AB}.Release|x86.ActiveCfg = Release|Any CPU
		{B7E44B73-DF45-46E7-97C6-D7D9DF6E58AB}.Release|x86.Build.0 = Release|Any CPU
		{78FB745A-198D-46C1-8CE9-9BD118AF505D}.Debug|Any CPU.ActiveCfg = Debug|Any CPU
		{78FB745A-198D-46C1-8CE9-9BD118AF505D}.Debug|Any CPU.Build.0 = Debug|Any CPU
		{78FB745A-198D-46C1-8CE9-9BD118AF505D}.Debug|x64.ActiveCfg = Debug|Any CPU
		{78FB745A-198D-46C1-8CE9-9BD118AF505D}.Debug|x64.Build.0 = Debug|Any CPU
		{78FB745A-198D-46C1-8CE9-9BD118AF505D}.Debug|x86.ActiveCfg = Debug|Any CPU
		{78FB745A-198D-46C1-8CE9-9BD118AF505D}.Debug|x86.Build.0 = Debug|Any CPU
		{78FB745A-198D-46C1-8CE9-9BD118AF505D}.Release|Any CPU.ActiveCfg = Release|Any CPU
		{78FB745A-198D-46C1-8CE9-9BD118AF505D}.Release|Any CPU.Build.0 = Release|Any CPU
		{78FB745A-198D-46C1-8CE9-9BD118AF505D}.Release|x64.ActiveCfg = Release|Any CPU
		{78FB745A-198D-46C1-8CE9-9BD118AF505D}.Release|x64.Build.0 = Release|Any CPU
		{78FB745A-198D-46C1-8CE9-9BD118AF505D}.Release|x86.ActiveCfg = Release|Any CPU
		{78FB745A-198D-46C1-8CE9-9BD118AF505D}.Release|x86.Build.0 = Release|Any CPU
		{C40CF949-C6C2-48A5-BB4E-77FDAACCDB1E}.Debug|Any CPU.ActiveCfg = Debug|Any CPU
		{C40CF949-C6C2-48A5-BB4E-77FDAACCDB1E}.Debug|Any CPU.Build.0 = Debug|Any CPU
		{C40CF949-C6C2-48A5-BB4E-77FDAACCDB1E}.Debug|x64.ActiveCfg = Debug|Any CPU
		{C40CF949-C6C2-48A5-BB4E-77FDAACCDB1E}.Debug|x64.Build.0 = Debug|Any CPU
		{C40CF949-C6C2-48A5-BB4E-77FDAACCDB1E}.Debug|x86.ActiveCfg = Debug|Any CPU
		{C40CF949-C6C2-48A5-BB4E-77FDAACCDB1E}.Debug|x86.Build.0 = Debug|Any CPU
		{C40CF949-C6C2-48A5-BB4E-77FDAACCDB1E}.Release|Any CPU.ActiveCfg = Release|Any CPU
		{C40CF949-C6C2-48A5-BB4E-77FDAACCDB1E}.Release|Any CPU.Build.0 = Release|Any CPU
		{C40CF949-C6C2-48A5-BB4E-77FDAACCDB1E}.Release|x64.ActiveCfg = Release|Any CPU
		{C40CF949-C6C2-48A5-BB4E-77FDAACCDB1E}.Release|x64.Build.0 = Release|Any CPU
		{C40CF949-C6C2-48A5-BB4E-77FDAACCDB1E}.Release|x86.ActiveCfg = Release|Any CPU
		{C40CF949-C6C2-48A5-BB4E-77FDAACCDB1E}.Release|x86.Build.0 = Release|Any CPU
		{1FA6D476-2259-4D29-B056-3CD878A61F6D}.Debug|Any CPU.ActiveCfg = Debug|Any CPU
		{1FA6D476-2259-4D29-B056-3CD878A61F6D}.Debug|Any CPU.Build.0 = Debug|Any CPU
		{1FA6D476-2259-4D29-B056-3CD878A61F6D}.Debug|x64.ActiveCfg = Debug|Any CPU
		{1FA6D476-2259-4D29-B056-3CD878A61F6D}.Debug|x64.Build.0 = Debug|Any CPU
		{1FA6D476-2259-4D29-B056-3CD878A61F6D}.Debug|x86.ActiveCfg = Debug|Any CPU
		{1FA6D476-2259-4D29-B056-3CD878A61F6D}.Debug|x86.Build.0 = Debug|Any CPU
		{1FA6D476-2259-4D29-B056-3CD878A61F6D}.Release|Any CPU.ActiveCfg = Release|Any CPU
		{1FA6D476-2259-4D29-B056-3CD878A61F6D}.Release|Any CPU.Build.0 = Release|Any CPU
		{1FA6D476-2259-4D29-B056-3CD878A61F6D}.Release|x64.ActiveCfg = Release|Any CPU
		{1FA6D476-2259-4D29-B056-3CD878A61F6D}.Release|x64.Build.0 = Release|Any CPU
		{1FA6D476-2259-4D29-B056-3CD878A61F6D}.Release|x86.ActiveCfg = Release|Any CPU
		{1FA6D476-2259-4D29-B056-3CD878A61F6D}.Release|x86.Build.0 = Release|Any CPU
		{FEF3A61A-2675-4028-AED7-BCD3933F21D1}.Debug|Any CPU.ActiveCfg = Debug|Any CPU
		{FEF3A61A-2675-4028-AED7-BCD3933F21D1}.Debug|Any CPU.Build.0 = Debug|Any CPU
		{FEF3A61A-2675-4028-AED7-BCD3933F21D1}.Debug|x64.ActiveCfg = Debug|Any CPU
		{FEF3A61A-2675-4028-AED7-BCD3933F21D1}.Debug|x64.Build.0 = Debug|Any CPU
		{FEF3A61A-2675-4028-AED7-BCD3933F21D1}.Debug|x86.ActiveCfg = Debug|Any CPU
		{FEF3A61A-2675-4028-AED7-BCD3933F21D1}.Debug|x86.Build.0 = Debug|Any CPU
		{FEF3A61A-2675-4028-AED7-BCD3933F21D1}.Release|Any CPU.ActiveCfg = Release|Any CPU
		{FEF3A61A-2675-4028-AED7-BCD3933F21D1}.Release|Any CPU.Build.0 = Release|Any CPU
		{FEF3A61A-2675-4028-AED7-BCD3933F21D1}.Release|x64.ActiveCfg = Release|Any CPU
		{FEF3A61A-2675-4028-AED7-BCD3933F21D1}.Release|x64.Build.0 = Release|Any CPU
		{FEF3A61A-2675-4028-AED7-BCD3933F21D1}.Release|x86.ActiveCfg = Release|Any CPU
		{FEF3A61A-2675-4028-AED7-BCD3933F21D1}.Release|x86.Build.0 = Release|Any CPU
		{929EBA8D-6EAA-4E60-ADF0-5F9100A5023B}.Debug|Any CPU.ActiveCfg = Debug|Any CPU
		{929EBA8D-6EAA-4E60-ADF0-5F9100A5023B}.Debug|Any CPU.Build.0 = Debug|Any CPU
		{929EBA8D-6EAA-4E60-ADF0-5F9100A5023B}.Debug|x64.ActiveCfg = Debug|Any CPU
		{929EBA8D-6EAA-4E60-ADF0-5F9100A5023B}.Debug|x64.Build.0 = Debug|Any CPU
		{929EBA8D-6EAA-4E60-ADF0-5F9100A5023B}.Debug|x86.ActiveCfg = Debug|Any CPU
		{929EBA8D-6EAA-4E60-ADF0-5F9100A5023B}.Debug|x86.Build.0 = Debug|Any CPU
		{929EBA8D-6EAA-4E60-ADF0-5F9100A5023B}.Release|Any CPU.ActiveCfg = Release|Any CPU
		{929EBA8D-6EAA-4E60-ADF0-5F9100A5023B}.Release|Any CPU.Build.0 = Release|Any CPU
		{929EBA8D-6EAA-4E60-ADF0-5F9100A5023B}.Release|x64.ActiveCfg = Release|Any CPU
		{929EBA8D-6EAA-4E60-ADF0-5F9100A5023B}.Release|x64.Build.0 = Release|Any CPU
		{929EBA8D-6EAA-4E60-ADF0-5F9100A5023B}.Release|x86.ActiveCfg = Release|Any CPU
		{929EBA8D-6EAA-4E60-ADF0-5F9100A5023B}.Release|x86.Build.0 = Release|Any CPU
		{ED5FC2DE-FC80-434F-BB7E-E329164CE918}.Debug|Any CPU.ActiveCfg = Debug|Any CPU
		{ED5FC2DE-FC80-434F-BB7E-E329164CE918}.Debug|Any CPU.Build.0 = Debug|Any CPU
		{ED5FC2DE-FC80-434F-BB7E-E329164CE918}.Debug|x64.ActiveCfg = Debug|Any CPU
		{ED5FC2DE-FC80-434F-BB7E-E329164CE918}.Debug|x64.Build.0 = Debug|Any CPU
		{ED5FC2DE-FC80-434F-BB7E-E329164CE918}.Debug|x86.ActiveCfg = Debug|Any CPU
		{ED5FC2DE-FC80-434F-BB7E-E329164CE918}.Debug|x86.Build.0 = Debug|Any CPU
		{ED5FC2DE-FC80-434F-BB7E-E329164CE918}.Release|Any CPU.ActiveCfg = Release|Any CPU
		{ED5FC2DE-FC80-434F-BB7E-E329164CE918}.Release|Any CPU.Build.0 = Release|Any CPU
		{ED5FC2DE-FC80-434F-BB7E-E329164CE918}.Release|x64.ActiveCfg = Release|Any CPU
		{ED5FC2DE-FC80-434F-BB7E-E329164CE918}.Release|x64.Build.0 = Release|Any CPU
		{ED5FC2DE-FC80-434F-BB7E-E329164CE918}.Release|x86.ActiveCfg = Release|Any CPU
		{ED5FC2DE-FC80-434F-BB7E-E329164CE918}.Release|x86.Build.0 = Release|Any CPU
		{74597936-6D48-461B-B733-5CD2C3EABCA4}.Debug|Any CPU.ActiveCfg = Debug|Any CPU
		{74597936-6D48-461B-B733-5CD2C3EABCA4}.Debug|Any CPU.Build.0 = Debug|Any CPU
		{74597936-6D48-461B-B733-5CD2C3EABCA4}.Debug|x64.ActiveCfg = Debug|Any CPU
		{74597936-6D48-461B-B733-5CD2C3EABCA4}.Debug|x64.Build.0 = Debug|Any CPU
		{74597936-6D48-461B-B733-5CD2C3EABCA4}.Debug|x86.ActiveCfg = Debug|Any CPU
		{74597936-6D48-461B-B733-5CD2C3EABCA4}.Debug|x86.Build.0 = Debug|Any CPU
		{74597936-6D48-461B-B733-5CD2C3EABCA4}.Release|Any CPU.ActiveCfg = Release|Any CPU
		{74597936-6D48-461B-B733-5CD2C3EABCA4}.Release|Any CPU.Build.0 = Release|Any CPU
		{74597936-6D48-461B-B733-5CD2C3EABCA4}.Release|x64.ActiveCfg = Release|Any CPU
		{74597936-6D48-461B-B733-5CD2C3EABCA4}.Release|x64.Build.0 = Release|Any CPU
		{74597936-6D48-461B-B733-5CD2C3EABCA4}.Release|x86.ActiveCfg = Release|Any CPU
		{74597936-6D48-461B-B733-5CD2C3EABCA4}.Release|x86.Build.0 = Release|Any CPU
		{F823E30B-5A3C-46F6-B685-8B5E29973A03}.Debug|Any CPU.ActiveCfg = Debug|Any CPU
		{F823E30B-5A3C-46F6-B685-8B5E29973A03}.Debug|Any CPU.Build.0 = Debug|Any CPU
		{F823E30B-5A3C-46F6-B685-8B5E29973A03}.Debug|x64.ActiveCfg = Debug|Any CPU
		{F823E30B-5A3C-46F6-B685-8B5E29973A03}.Debug|x64.Build.0 = Debug|Any CPU
		{F823E30B-5A3C-46F6-B685-8B5E29973A03}.Debug|x86.ActiveCfg = Debug|Any CPU
		{F823E30B-5A3C-46F6-B685-8B5E29973A03}.Debug|x86.Build.0 = Debug|Any CPU
		{F823E30B-5A3C-46F6-B685-8B5E29973A03}.Release|Any CPU.ActiveCfg = Release|Any CPU
		{F823E30B-5A3C-46F6-B685-8B5E29973A03}.Release|Any CPU.Build.0 = Release|Any CPU
		{F823E30B-5A3C-46F6-B685-8B5E29973A03}.Release|x64.ActiveCfg = Release|Any CPU
		{F823E30B-5A3C-46F6-B685-8B5E29973A03}.Release|x64.Build.0 = Release|Any CPU
		{F823E30B-5A3C-46F6-B685-8B5E29973A03}.Release|x86.ActiveCfg = Release|Any CPU
		{F823E30B-5A3C-46F6-B685-8B5E29973A03}.Release|x86.Build.0 = Release|Any CPU
		{4BD79C10-7B4B-45EA-9A41-A9939FEA001E}.Debug|Any CPU.ActiveCfg = Debug|Any CPU
		{4BD79C10-7B4B-45EA-9A41-A9939FEA001E}.Debug|Any CPU.Build.0 = Debug|Any CPU
		{4BD79C10-7B4B-45EA-9A41-A9939FEA001E}.Debug|x64.ActiveCfg = Debug|Any CPU
		{4BD79C10-7B4B-45EA-9A41-A9939FEA001E}.Debug|x64.Build.0 = Debug|Any CPU
		{4BD79C10-7B4B-45EA-9A41-A9939FEA001E}.Debug|x86.ActiveCfg = Debug|Any CPU
		{4BD79C10-7B4B-45EA-9A41-A9939FEA001E}.Debug|x86.Build.0 = Debug|Any CPU
		{4BD79C10-7B4B-45EA-9A41-A9939FEA001E}.Release|Any CPU.ActiveCfg = Release|Any CPU
		{4BD79C10-7B4B-45EA-9A41-A9939FEA001E}.Release|Any CPU.Build.0 = Release|Any CPU
		{4BD79C10-7B4B-45EA-9A41-A9939FEA001E}.Release|x64.ActiveCfg = Release|Any CPU
		{4BD79C10-7B4B-45EA-9A41-A9939FEA001E}.Release|x64.Build.0 = Release|Any CPU
		{4BD79C10-7B4B-45EA-9A41-A9939FEA001E}.Release|x86.ActiveCfg = Release|Any CPU
		{4BD79C10-7B4B-45EA-9A41-A9939FEA001E}.Release|x86.Build.0 = Release|Any CPU
		{62216CA1-EAC8-4811-BB90-A5298DE36FD1}.Debug|Any CPU.ActiveCfg = Debug|Any CPU
		{62216CA1-EAC8-4811-BB90-A5298DE36FD1}.Debug|Any CPU.Build.0 = Debug|Any CPU
		{62216CA1-EAC8-4811-BB90-A5298DE36FD1}.Debug|x64.ActiveCfg = Debug|Any CPU
		{62216CA1-EAC8-4811-BB90-A5298DE36FD1}.Debug|x64.Build.0 = Debug|Any CPU
		{62216CA1-EAC8-4811-BB90-A5298DE36FD1}.Debug|x86.ActiveCfg = Debug|Any CPU
		{62216CA1-EAC8-4811-BB90-A5298DE36FD1}.Debug|x86.Build.0 = Debug|Any CPU
		{62216CA1-EAC8-4811-BB90-A5298DE36FD1}.Release|Any CPU.ActiveCfg = Release|Any CPU
		{62216CA1-EAC8-4811-BB90-A5298DE36FD1}.Release|Any CPU.Build.0 = Release|Any CPU
		{62216CA1-EAC8-4811-BB90-A5298DE36FD1}.Release|x64.ActiveCfg = Release|Any CPU
		{62216CA1-EAC8-4811-BB90-A5298DE36FD1}.Release|x64.Build.0 = Release|Any CPU
		{62216CA1-EAC8-4811-BB90-A5298DE36FD1}.Release|x86.ActiveCfg = Release|Any CPU
		{62216CA1-EAC8-4811-BB90-A5298DE36FD1}.Release|x86.Build.0 = Release|Any CPU
		{8D8C859D-FADD-40FC-B17C-D0D52ADB0E66}.Debug|Any CPU.ActiveCfg = Debug|Any CPU
		{8D8C859D-FADD-40FC-B17C-D0D52ADB0E66}.Debug|Any CPU.Build.0 = Debug|Any CPU
		{8D8C859D-FADD-40FC-B17C-D0D52ADB0E66}.Debug|x64.ActiveCfg = Debug|Any CPU
		{8D8C859D-FADD-40FC-B17C-D0D52ADB0E66}.Debug|x64.Build.0 = Debug|Any CPU
		{8D8C859D-FADD-40FC-B17C-D0D52ADB0E66}.Debug|x86.ActiveCfg = Debug|Any CPU
		{8D8C859D-FADD-40FC-B17C-D0D52ADB0E66}.Debug|x86.Build.0 = Debug|Any CPU
		{8D8C859D-FADD-40FC-B17C-D0D52ADB0E66}.Release|Any CPU.ActiveCfg = Release|Any CPU
		{8D8C859D-FADD-40FC-B17C-D0D52ADB0E66}.Release|Any CPU.Build.0 = Release|Any CPU
		{8D8C859D-FADD-40FC-B17C-D0D52ADB0E66}.Release|x64.ActiveCfg = Release|Any CPU
		{8D8C859D-FADD-40FC-B17C-D0D52ADB0E66}.Release|x64.Build.0 = Release|Any CPU
		{8D8C859D-FADD-40FC-B17C-D0D52ADB0E66}.Release|x86.ActiveCfg = Release|Any CPU
		{8D8C859D-FADD-40FC-B17C-D0D52ADB0E66}.Release|x86.Build.0 = Release|Any CPU
		{3DC1DC6C-3BAA-4435-AA0C-BB6D60682772}.Debug|Any CPU.ActiveCfg = Debug|Any CPU
		{3DC1DC6C-3BAA-4435-AA0C-BB6D60682772}.Debug|Any CPU.Build.0 = Debug|Any CPU
		{3DC1DC6C-3BAA-4435-AA0C-BB6D60682772}.Debug|x64.ActiveCfg = Debug|Any CPU
		{3DC1DC6C-3BAA-4435-AA0C-BB6D60682772}.Debug|x64.Build.0 = Debug|Any CPU
		{3DC1DC6C-3BAA-4435-AA0C-BB6D60682772}.Debug|x86.ActiveCfg = Debug|Any CPU
		{3DC1DC6C-3BAA-4435-AA0C-BB6D60682772}.Debug|x86.Build.0 = Debug|Any CPU
		{3DC1DC6C-3BAA-4435-AA0C-BB6D60682772}.Release|Any CPU.ActiveCfg = Release|Any CPU
		{3DC1DC6C-3BAA-4435-AA0C-BB6D60682772}.Release|Any CPU.Build.0 = Release|Any CPU
		{3DC1DC6C-3BAA-4435-AA0C-BB6D60682772}.Release|x64.ActiveCfg = Release|Any CPU
		{3DC1DC6C-3BAA-4435-AA0C-BB6D60682772}.Release|x64.Build.0 = Release|Any CPU
		{3DC1DC6C-3BAA-4435-AA0C-BB6D60682772}.Release|x86.ActiveCfg = Release|Any CPU
		{3DC1DC6C-3BAA-4435-AA0C-BB6D60682772}.Release|x86.Build.0 = Release|Any CPU
	EndGlobalSection
	GlobalSection(SolutionProperties) = preSolution
		HideSolutionNode = FALSE
	EndGlobalSection
	GlobalSection(NestedProjects) = preSolution
		{D1851684-E2E6-1604-71BC-B8E9CAE49371} = {12720F72-1BBA-9C42-9FC7-02217A30AEDE}
		{B7E44B73-DF45-46E7-97C6-D7D9DF6E58AB} = {D1851684-E2E6-1604-71BC-B8E9CAE49371}
		{78FB745A-198D-46C1-8CE9-9BD118AF505D} = {D1851684-E2E6-1604-71BC-B8E9CAE49371}
		{C40CF949-C6C2-48A5-BB4E-77FDAACCDB1E} = {D1851684-E2E6-1604-71BC-B8E9CAE49371}
		{1FA6D476-2259-4D29-B056-3CD878A61F6D} = {D1851684-E2E6-1604-71BC-B8E9CAE49371}
		{3731A2D6-5F7D-A7A7-1953-6168E0024002} = {12720F72-1BBA-9C42-9FC7-02217A30AEDE}
		{FEF3A61A-2675-4028-AED7-BCD3933F21D1} = {3731A2D6-5F7D-A7A7-1953-6168E0024002}
		{929EBA8D-6EAA-4E60-ADF0-5F9100A5023B} = {3731A2D6-5F7D-A7A7-1953-6168E0024002}
		{43597056-9DF0-F063-77CF-A44A53D8A816} = {2F3B52E7-3F0C-CF2E-4530-2751B2D19751}
		{ED5FC2DE-FC80-434F-BB7E-E329164CE918} = {43597056-9DF0-F063-77CF-A44A53D8A816}
		{74597936-6D48-461B-B733-5CD2C3EABCA4} = {43597056-9DF0-F063-77CF-A44A53D8A816}
		{F823E30B-5A3C-46F6-B685-8B5E29973A03} = {43597056-9DF0-F063-77CF-A44A53D8A816}
		{4BD79C10-7B4B-45EA-9A41-A9939FEA001E} = {43597056-9DF0-F063-77CF-A44A53D8A816}
		{78F9BDB0-A6E5-9D16-6FC1-77372D4E7F0E} = {2F3B52E7-3F0C-CF2E-4530-2751B2D19751}
		{62216CA1-EAC8-4811-BB90-A5298DE36FD1} = {78F9BDB0-A6E5-9D16-6FC1-77372D4E7F0E}
		{8D8C859D-FADD-40FC-B17C-D0D52ADB0E66} = {78F9BDB0-A6E5-9D16-6FC1-77372D4E7F0E}
		{3DC1DC6C-3BAA-4435-AA0C-BB6D60682772} = {4F52FD11-658E-A102-6CD3-7D7C16FFA15B}
	EndGlobalSection
EndGlobal
